
Microsoft Visual Studio Solution File, Format Version 12.00
# Visual Studio Version 17
VisualStudioVersion = 17.6.33723.286
MinimumVisualStudioVersion = 10.0.40219.1
Project("{FAE04EC0-301F-11D3-BF4B-00C04F79EFBC}") = "Cap02.Lab2.Bruno", "Cap02.Lab2.Bruno.csproj", "{2E8E2CE1-2CBC-4742-9BBF-4BBAA8052A23}"
EndProject
Global
	GlobalSection(SolutionConfigurationPlatforms) = preSolution
		Debug|Any CPU = Debug|Any CPU
		Release|Any CPU = Release|Any CPU
	EndGlobalSection
	GlobalSection(ProjectConfigurationPlatforms) = postSolution
		{2E8E2CE1-2CBC-4742-9BBF-4BBAA8052A23}.Debug|Any CPU.ActiveCfg = Debug|Any CPU
		{2E8E2CE1-2CBC-4742-9BBF-4BBAA8052A23}.Debug|Any CPU.Build.0 = Debug|Any CPU
		{2E8E2CE1-2CBC-4742-9BBF-4BBAA8052A23}.Release|Any CPU.ActiveCfg = Release|Any CPU
		{2E8E2CE1-2CBC-4742-9BBF-4BBAA8052A23}.Release|Any CPU.Build.0 = Release|Any CPU
	EndGlobalSection
	GlobalSection(SolutionProperties) = preSolution
		HideSolutionNode = FALSE
	EndGlobalSection
	GlobalSection(ExtensibilityGlobals) = postSolution
		SolutionGuid = {A9ED93D3-0759-4D42-98E3-CA74F27E3583}
	EndGlobalSection
EndGlobal
