
Microsoft Visual Studio Solution File, Format Version 12.00
# Visual Studio Version 17
VisualStudioVersion = 17.6.33723.286
MinimumVisualStudioVersion = 10.0.40219.1
Project("{FAE04EC0-301F-11D3-BF4B-00C04F79EFBC}") = "DesafioB.Delegate.Bruno", "DesafioB.Delegate.Bruno.csproj", "{351102F8-626F-47E4-BC49-3595684A2C22}"
EndProject
Global
	GlobalSection(SolutionConfigurationPlatforms) = preSolution
		Debug|Any CPU = Debug|Any CPU
		Release|Any CPU = Release|Any CPU
	EndGlobalSection
	GlobalSection(ProjectConfigurationPlatforms) = postSolution
		{351102F8-626F-47E4-BC49-3595684A2C22}.Debug|Any CPU.ActiveCfg = Debug|Any CPU
		{351102F8-626F-47E4-BC49-3595684A2C22}.Debug|Any CPU.Build.0 = Debug|Any CPU
		{351102F8-626F-47E4-BC49-3595684A2C22}.Release|Any CPU.ActiveCfg = Release|Any CPU
		{351102F8-626F-47E4-BC49-3595684A2C22}.Release|Any CPU.Build.0 = Release|Any CPU
	EndGlobalSection
	GlobalSection(SolutionProperties) = preSolution
		HideSolutionNode = FALSE
	EndGlobalSection
	GlobalSection(ExtensibilityGlobals) = postSolution
		SolutionGuid = {799A971F-2017-4B0A-9A53-829408CA7768}
	EndGlobalSection
EndGlobal
