
Microsoft Visual Studio Solution File, Format Version 12.00
# Visual Studio Version 17
VisualStudioVersion = 17.6.33723.286
MinimumVisualStudioVersion = 10.0.40219.1
Project("{FAE04EC0-301F-11D3-BF4B-00C04F79EFBC}") = "Cap02.Lab1.Bruno", "Cap02.Lab1.Bruno.csproj", "{A8CBB8C4-01CF-464F-86A3-66D89D0EA299}"
EndProject
Global
	GlobalSection(SolutionConfigurationPlatforms) = preSolution
		Debug|Any CPU = Debug|Any CPU
		Release|Any CPU = Release|Any CPU
	EndGlobalSection
	GlobalSection(ProjectConfigurationPlatforms) = postSolution
		{A8CBB8C4-01CF-464F-86A3-66D89D0EA299}.Debug|Any CPU.ActiveCfg = Debug|Any CPU
		{A8CBB8C4-01CF-464F-86A3-66D89D0EA299}.Debug|Any CPU.Build.0 = Debug|Any CPU
		{A8CBB8C4-01CF-464F-86A3-66D89D0EA299}.Release|Any CPU.ActiveCfg = Release|Any CPU
		{A8CBB8C4-01CF-464F-86A3-66D89D0EA299}.Release|Any CPU.Build.0 = Release|Any CPU
	EndGlobalSection
	GlobalSection(SolutionProperties) = preSolution
		HideSolutionNode = FALSE
	EndGlobalSection
	GlobalSection(ExtensibilityGlobals) = postSolution
		SolutionGuid = {BD5B257F-C12E-4DC1-B6F1-FF6755A30E2D}
	EndGlobalSection
EndGlobal
